<Solution>
  <Folder Name="/src/">
    <Project Path="src/MWDashboard.Collector/MWDashboard.Collector.csproj" />
    <Project Path="src/MWDashboard.Consent/MWDashboard.Consent.csproj" />
    <Project Path="src/MWDashboard.CopilotAudit/MWDashboard.CopilotAudit.csproj" />
    <Project Path="src/MWDashboard.Job/MWDashboard.Job.csproj" />
    <Project Path="src/MWDashboard.Shared/MWDashboard.Shared.csproj" />
    <Project Path="src/MWDashboard.Web/MWDashboard.Web.csproj" />
  </Folder>
</Solution>
